// !$*UTF8*$!
{
	archiveVersion = 1;
	classes = {
	};
	objectVersion = 56;
	objects = {

/* Begin PBXBuildFile section */
		2F6F2B732915CC0F0020667A /* CortexOfBooksApp.swift in Sources */ = {isa = PBXBuildFile; fileRef = 2F6F2B722915CC0F0020667A /* CortexOfBooksApp.swift */; };
		2F6F2B752915CC0F0020667A /* ContentView.swift in Sources */ = {isa = PBXBuildFile; fileRef = 2F6F2B742915CC0F0020667A /* ContentView.swift */; };
		2F6F2B772915CC100020667A /* Assets.xcassets in Resources */ = {isa = PBXBuildFile; fileRef = 2F6F2B762915CC100020667A /* Assets.xcassets */; };
		2F6F2B7B2915CC100020667A /* Preview Assets.xcassets in Resources */ = {isa = PBXBuildFile; fileRef = 2F6F2B7A2915CC100020667A /* Preview Assets.xcassets */; };
		2F6F2BC729161E700020667A /* Entities.xcdatamodeld in Sources */ = {isa = PBXBuildFile; fileRef = 2F6F2BC529161E700020667A /* Entities.xcdatamodeld */; };
		2F6F2BC929161F1D0020667A /* UIImageValueTransformer.swift in Sources */ = {isa = PBXBuildFile; fileRef = 2F6F2BC829161F1D0020667A /* UIImageValueTransformer.swift */; };
		2F6F2BCC29161F840020667A /* Book+CoreDataClass.swift in Sources */ = {isa = PBXBuildFile; fileRef = 2F6F2BCA29161F840020667A /* Book+CoreDataClass.swift */; };
		2F6F2BD3291625EB0020667A /* ReadingStatus.swift in Sources */ = {isa = PBXBuildFile; fileRef = 2F6F2BD2291625EB0020667A /* ReadingStatus.swift */; };
		2F6F2BD5291628CD0020667A /* CoreDataProvider.swift in Sources */ = {isa = PBXBuildFile; fileRef = 2F6F2BD4291628CD0020667A /* CoreDataProvider.swift */; };
		2F6F2BD7291628D30020667A /* CoreDataProvider+Extensions.swift in Sources */ = {isa = PBXBuildFile; fileRef = 2F6F2BD6291628D30020667A /* CoreDataProvider+Extensions.swift */; };
		2F6F2BD92916293F0020667A /* NSManagedObject+Extensions.swift in Sources */ = {isa = PBXBuildFile; fileRef = 2F6F2BD82916293F0020667A /* NSManagedObject+Extensions.swift */; };
		2F6F2BDB29162D650020667A /* Book+Extensions.swift in Sources */ = {isa = PBXBuildFile; fileRef = 2F6F2BDA29162D650020667A /* Book+Extensions.swift */; };
		2F6F2BE1291645AF0020667A /* BooksByReadingStatusScreen.swift in Sources */ = {isa = PBXBuildFile; fileRef = 2F6F2BE0291645AF0020667A /* BooksByReadingStatusScreen.swift */; };
		2F6F2BE3291647640020667A /* Book+Preview.swift in Sources */ = {isa = PBXBuildFile; fileRef = 2F6F2BE2291647640020667A /* Book+Preview.swift */; };
		2F6F2BE529164BC90020667A /* AddBookSheet.swift in Sources */ = {isa = PBXBuildFile; fileRef = 2F6F2BE429164BC90020667A /* AddBookSheet.swift */; };
		2F6F2BE829164F130020667A /* Date+Extensions.swift in Sources */ = {isa = PBXBuildFile; fileRef = 2F6F2BE729164F130020667A /* Date+Extensions.swift */; };
		2F6F2BEA29165A690020667A /* Collection+Extensions.swift in Sources */ = {isa = PBXBuildFile; fileRef = 2F6F2BE929165A690020667A /* Collection+Extensions.swift */; };
/* End PBXBuildFile section */

/* Begin PBXFileReference section */
		2F6F2B6F2915CC0F0020667A /* CortexOfBooks.app */ = {isa = PBXFileReference; explicitFileType = wrapper.application; includeInIndex = 0; path = CortexOfBooks.app; sourceTree = BUILT_PRODUCTS_DIR; };
		2F6F2B722915CC0F0020667A /* CortexOfBooksApp.swift */ = {isa = PBXFileReference; lastKnownFileType = sourcecode.swift; path = CortexOfBooksApp.swift; sourceTree = "<group>"; };
		2F6F2B742915CC0F0020667A /* ContentView.swift */ = {isa = PBXFileReference; lastKnownFileType = sourcecode.swift; path = ContentView.swift; sourceTree = "<group>"; };
		2F6F2B762915CC100020667A /* Assets.xcassets */ = {isa = PBXFileReference; lastKnownFileType = folder.assetcatalog; path = Assets.xcassets; sourceTree = "<group>"; };
		2F6F2B782915CC100020667A /* CortexOfBooks.entitlements */ = {isa = PBXFileReference; lastKnownFileType = text.plist.entitlements; path = CortexOfBooks.entitlements; sourceTree = "<group>"; };
		2F6F2B7A2915CC100020667A /* Preview Assets.xcassets */ = {isa = PBXFileReference; lastKnownFileType = folder.assetcatalog; path = "Preview Assets.xcassets"; sourceTree = "<group>"; };
		2F6F2BC629161E700020667A /* Entities.xcdatamodel */ = {isa = PBXFileReference; lastKnownFileType = wrapper.xcdatamodel; path = Entities.xcdatamodel; sourceTree = "<group>"; };
		2F6F2BC829161F1D0020667A /* UIImageValueTransformer.swift */ = {isa = PBXFileReference; lastKnownFileType = sourcecode.swift; path = UIImageValueTransformer.swift; sourceTree = "<group>"; };
		2F6F2BCA29161F840020667A /* Book+CoreDataClass.swift */ = {isa = PBXFileReference; lastKnownFileType = sourcecode.swift; path = "Book+CoreDataClass.swift"; sourceTree = "<group>"; };
		2F6F2BD2291625EB0020667A /* ReadingStatus.swift */ = {isa = PBXFileReference; lastKnownFileType = sourcecode.swift; path = ReadingStatus.swift; sourceTree = "<group>"; };
		2F6F2BD4291628CD0020667A /* CoreDataProvider.swift */ = {isa = PBXFileReference; lastKnownFileType = sourcecode.swift; path = CoreDataProvider.swift; sourceTree = "<group>"; };
		2F6F2BD6291628D30020667A /* CoreDataProvider+Extensions.swift */ = {isa = PBXFileReference; lastKnownFileType = sourcecode.swift; path = "CoreDataProvider+Extensions.swift"; sourceTree = "<group>"; };
		2F6F2BD82916293F0020667A /* NSManagedObject+Extensions.swift */ = {isa = PBXFileReference; lastKnownFileType = sourcecode.swift; path = "NSManagedObject+Extensions.swift"; sourceTree = "<group>"; };
		2F6F2BDA29162D650020667A /* Book+Extensions.swift */ = {isa = PBXFileReference; lastKnownFileType = sourcecode.swift; path = "Book+Extensions.swift"; sourceTree = "<group>"; };
		2F6F2BE0291645AF0020667A /* BooksByReadingStatusScreen.swift */ = {isa = PBXFileReference; lastKnownFileType = sourcecode.swift; path = BooksByReadingStatusScreen.swift; sourceTree = "<group>"; };
		2F6F2BE2291647640020667A /* Book+Preview.swift */ = {isa = PBXFileReference; lastKnownFileType = sourcecode.swift; path = "Book+Preview.swift"; sourceTree = "<group>"; };
		2F6F2BE429164BC90020667A /* AddBookSheet.swift */ = {isa = PBXFileReference; lastKnownFileType = sourcecode.swift; path = AddBookSheet.swift; sourceTree = "<group>"; };
		2F6F2BE729164F130020667A /* Date+Extensions.swift */ = {isa = PBXFileReference; lastKnownFileType = sourcecode.swift; path = "Date+Extensions.swift"; sourceTree = "<group>"; };
		2F6F2BE929165A690020667A /* Collection+Extensions.swift */ = {isa = PBXFileReference; lastKnownFileType = sourcecode.swift; path = "Collection+Extensions.swift"; sourceTree = "<group>"; };
/* End PBXFileReference section */

/* Begin PBXFrameworksBuildPhase section */
		2F6F2B6C2915CC0F0020667A /* Frameworks */ = {
			isa = PBXFrameworksBuildPhase;
			buildActionMask = 2147483647;
			files = (
			);
			runOnlyForDeploymentPostprocessing = 0;
		};
/* End PBXFrameworksBuildPhase section */

/* Begin PBXGroup section */
		2F6F2B662915CC0F0020667A = {
			isa = PBXGroup;
			children = (
				2F6F2B712915CC0F0020667A /* CortexOfBooks */,
				2F6F2B702915CC0F0020667A /* Products */,
			);
			sourceTree = "<group>";
		};
		2F6F2B702915CC0F0020667A /* Products */ = {
			isa = PBXGroup;
			children = (
				2F6F2B6F2915CC0F0020667A /* CortexOfBooks.app */,
			);
			name = Products;
			sourceTree = "<group>";
		};
		2F6F2B712915CC0F0020667A /* CortexOfBooks */ = {
			isa = PBXGroup;
			children = (
				2F6F2B722915CC0F0020667A /* CortexOfBooksApp.swift */,
				2F6F2B742915CC0F0020667A /* ContentView.swift */,
				2F6F2B762915CC100020667A /* Assets.xcassets */,
				2F6F2B782915CC100020667A /* CortexOfBooks.entitlements */,
				2F6F2BE629164F0A0020667A /* Extensions */,
				2F6F2BCE2916202F0020667A /* CoreData */,
				2F6F2BD02916204D0020667A /* UI */,
				2F6F2B792915CC100020667A /* Preview Content */,
			);
			path = CortexOfBooks;
			sourceTree = "<group>";
		};
		2F6F2B792915CC100020667A /* Preview Content */ = {
			isa = PBXGroup;
			children = (
				2F6F2BE2291647640020667A /* Book+Preview.swift */,
				2F6F2B7A2915CC100020667A /* Preview Assets.xcassets */,
			);
			path = "Preview Content";
			sourceTree = "<group>";
		};
		2F6F2BCE2916202F0020667A /* CoreData */ = {
			isa = PBXGroup;
			children = (
				2F6F2BD4291628CD0020667A /* CoreDataProvider.swift */,
				2F6F2BD6291628D30020667A /* CoreDataProvider+Extensions.swift */,
				2F6F2BD82916293F0020667A /* NSManagedObject+Extensions.swift */,
				2F6F2BC529161E700020667A /* Entities.xcdatamodeld */,
				2F6F2BCF291620390020667A /* Models */,
				2F6F2BD1291624CD0020667A /* Transformers */,
			);
			path = CoreData;
			sourceTree = "<group>";
		};
		2F6F2BCF291620390020667A /* Models */ = {
			isa = PBXGroup;
			children = (
				2F6F2BCA29161F840020667A /* Book+CoreDataClass.swift */,
				2F6F2BDA29162D650020667A /* Book+Extensions.swift */,
				2F6F2BD2291625EB0020667A /* ReadingStatus.swift */,
			);
			path = Models;
			sourceTree = "<group>";
		};
		2F6F2BD02916204D0020667A /* UI */ = {
			isa = PBXGroup;
			children = (
				2F6F2BE0291645AF0020667A /* BooksByReadingStatusScreen.swift */,
				2F6F2BE429164BC90020667A /* AddBookSheet.swift */,
			);
			path = UI;
			sourceTree = "<group>";
		};
		2F6F2BD1291624CD0020667A /* Transformers */ = {
			isa = PBXGroup;
			children = (
				2F6F2BC829161F1D0020667A /* UIImageValueTransformer.swift */,
			);
			path = Transformers;
			sourceTree = "<group>";
		};
		2F6F2BE629164F0A0020667A /* Extensions */ = {
			isa = PBXGroup;
			children = (
				2F6F2BE929165A690020667A /* Collection+Extensions.swift */,
				2F6F2BE729164F130020667A /* Date+Extensions.swift */,
			);
			path = Extensions;
			sourceTree = "<group>";
		};
/* End PBXGroup section */

/* Begin PBXNativeTarget section */
		2F6F2B6E2915CC0F0020667A /* CortexOfBooks */ = {
			isa = PBXNativeTarget;
			buildConfigurationList = 2F6F2B7E2915CC100020667A /* Build configuration list for PBXNativeTarget "CortexOfBooks" */;
			buildPhases = (
				2F6F2B6B2915CC0F0020667A /* Sources */,
				2F6F2B6C2915CC0F0020667A /* Frameworks */,
				2F6F2B6D2915CC0F0020667A /* Resources */,
			);
			buildRules = (
			);
			dependencies = (
			);
			name = CortexOfBooks;
			productName = CortexOfBooks;
			productReference = 2F6F2B6F2915CC0F0020667A /* CortexOfBooks.app */;
			productType = "com.apple.product-type.application";
		};
/* End PBXNativeTarget section */

/* Begin PBXProject section */
		2F6F2B672915CC0F0020667A /* Project object */ = {
			isa = PBXProject;
			attributes = {
				BuildIndependentTargetsInParallel = 1;
				LastSwiftUpdateCheck = 1410;
				LastUpgradeCheck = 1410;
				TargetAttributes = {
					2F6F2B6E2915CC0F0020667A = {
						CreatedOnToolsVersion = 14.1;
					};
				};
			};
			buildConfigurationList = 2F6F2B6A2915CC0F0020667A /* Build configuration list for PBXProject "CortexOfBooks" */;
			compatibilityVersion = "Xcode 14.0";
			developmentRegion = en;
			hasScannedForEncodings = 0;
			knownRegions = (
				en,
				Base,
			);
			mainGroup = 2F6F2B662915CC0F0020667A;
			productRefGroup = 2F6F2B702915CC0F0020667A /* Products */;
			projectDirPath = "";
			projectRoot = "";
			targets = (
				2F6F2B6E2915CC0F0020667A /* CortexOfBooks */,
			);
		};
/* End PBXProject section */

/* Begin PBXResourcesBuildPhase section */
		2F6F2B6D2915CC0F0020667A /* Resources */ = {
			isa = PBXResourcesBuildPhase;
			buildActionMask = 2147483647;
			files = (
				2F6F2B7B2915CC100020667A /* Preview Assets.xcassets in Resources */,
				2F6F2B772915CC100020667A /* Assets.xcassets in Resources */,
			);
			runOnlyForDeploymentPostprocessing = 0;
		};
/* End PBXResourcesBuildPhase section */

/* Begin PBXSourcesBuildPhase section */
		2F6F2B6B2915CC0F0020667A /* Sources */ = {
			isa = PBXSourcesBuildPhase;
			buildActionMask = 2147483647;
			files = (
				2F6F2BDB29162D650020667A /* Book+Extensions.swift in Sources */,
				2F6F2BE529164BC90020667A /* AddBookSheet.swift in Sources */,
				2F6F2BD5291628CD0020667A /* CoreDataProvider.swift in Sources */,
				2F6F2BCC29161F840020667A /* Book+CoreDataClass.swift in Sources */,
				2F6F2BE1291645AF0020667A /* BooksByReadingStatusScreen.swift in Sources */,
				2F6F2BD92916293F0020667A /* NSManagedObject+Extensions.swift in Sources */,
				2F6F2BC929161F1D0020667A /* UIImageValueTransformer.swift in Sources */,
				2F6F2B752915CC0F0020667A /* ContentView.swift in Sources */,
				2F6F2BD7291628D30020667A /* CoreDataProvider+Extensions.swift in Sources */,
				2F6F2BE829164F130020667A /* Date+Extensions.swift in Sources */,
				2F6F2B732915CC0F0020667A /* CortexOfBooksApp.swift in Sources */,
				2F6F2BE3291647640020667A /* Book+Preview.swift in Sources */,
				2F6F2BC729161E700020667A /* Entities.xcdatamodeld in Sources */,
				2F6F2BD3291625EB0020667A /* ReadingStatus.swift in Sources */,
				2F6F2BEA29165A690020667A /* Collection+Extensions.swift in Sources */,
			);
			runOnlyForDeploymentPostprocessing = 0;
		};
/* End PBXSourcesBuildPhase section */

/* Begin XCBuildConfiguration section */
		2F6F2B7C2915CC100020667A /* Debug */ = {
			isa = XCBuildConfiguration;
			buildSettings = {
				ALWAYS_SEARCH_USER_PATHS = NO;
				CLANG_ANALYZER_NONNULL = YES;
				CLANG_ANALYZER_NUMBER_OBJECT_CONVERSION = YES_AGGRESSIVE;
				CLANG_CXX_LANGUAGE_STANDARD = "gnu++20";
				CLANG_ENABLE_MODULES = YES;
				CLANG_ENABLE_OBJC_ARC = YES;
				CLANG_ENABLE_OBJC_WEAK = YES;
				CLANG_WARN_BLOCK_CAPTURE_AUTORELEASING = YES;
				CLANG_WARN_BOOL_CONVERSION = YES;
				CLANG_WARN_COMMA = YES;
				CLANG_WARN_CONSTANT_CONVERSION = YES;
				CLANG_WARN_DEPRECATED_OBJC_IMPLEMENTATIONS = YES;
				CLANG_WARN_DIRECT_OBJC_ISA_USAGE = YES_ERROR;
				CLANG_WARN_DOCUMENTATION_COMMENTS = YES;
				CLANG_WARN_EMPTY_BODY = YES;
				CLANG_WARN_ENUM_CONVERSION = YES;
				CLANG_WARN_INFINITE_RECURSION = YES;
				CLANG_WARN_INT_CONVERSION = YES;
				CLANG_WARN_NON_LITERAL_NULL_CONVERSION = YES;
				CLANG_WARN_OBJC_IMPLICIT_RETAIN_SELF = YES;
				CLANG_WARN_OBJC_LITERAL_CONVERSION = YES;
				CLANG_WARN_OBJC_ROOT_CLASS = YES_ERROR;
				CLANG_WARN_QUOTED_INCLUDE_IN_FRAMEWORK_HEADER = YES;
				CLANG_WARN_RANGE_LOOP_ANALYSIS = YES;
				CLANG_WARN_STRICT_PROTOTYPES = YES;
				CLANG_WARN_SUSPICIOUS_MOVE = YES;
				CLANG_WARN_UNGUARDED_AVAILABILITY = YES_AGGRESSIVE;
				CLANG_WARN_UNREACHABLE_CODE = YES;
				CLANG_WARN__DUPLICATE_METHOD_MATCH = YES;
				COPY_PHASE_STRIP = NO;
				DEBUG_INFORMATION_FORMAT = dwarf;
				ENABLE_STRICT_OBJC_MSGSEND = YES;
				ENABLE_TESTABILITY = YES;
				GCC_C_LANGUAGE_STANDARD = gnu11;
				GCC_DYNAMIC_NO_PIC = NO;
				GCC_NO_COMMON_BLOCKS = YES;
				GCC_OPTIMIZATION_LEVEL = 0;
				GCC_PREPROCESSOR_DEFINITIONS = (
					"DEBUG=1",
					"$(inherited)",
				);
				GCC_WARN_64_TO_32_BIT_CONVERSION = YES;
				GCC_WARN_ABOUT_RETURN_TYPE = YES_ERROR;
				GCC_WARN_UNDECLARED_SELECTOR = YES;
				GCC_WARN_UNINITIALIZED_AUTOS = YES_AGGRESSIVE;
				GCC_WARN_UNUSED_FUNCTION = YES;
				GCC_WARN_UNUSED_VARIABLE = YES;
				MTL_ENABLE_DEBUG_INFO = INCLUDE_SOURCE;
				MTL_FAST_MATH = YES;
				ONLY_ACTIVE_ARCH = YES;
				SWIFT_ACTIVE_COMPILATION_CONDITIONS = DEBUG;
				SWIFT_OPTIMIZATION_LEVEL = "-Onone";
			};
			name = Debug;
		};
		2F6F2B7D2915CC100020667A /* Release */ = {
			isa = XCBuildConfiguration;
			buildSettings = {
				ALWAYS_SEARCH_USER_PATHS = NO;
				CLANG_ANALYZER_NONNULL = YES;
				CLANG_ANALYZER_NUMBER_OBJECT_CONVERSION = YES_AGGRESSIVE;
				CLANG_CXX_LANGUAGE_STANDARD = "gnu++20";
				CLANG_ENABLE_MODULES = YES;
				CLANG_ENABLE_OBJC_ARC = YES;
				CLANG_ENABLE_OBJC_WEAK = YES;
				CLANG_WARN_BLOCK_CAPTURE_AUTORELEASING = YES;
				CLANG_WARN_BOOL_CONVERSION = YES;
				CLANG_WARN_COMMA = YES;
				CLANG_WARN_CONSTANT_CONVERSION = YES;
				CLANG_WARN_DEPRECATED_OBJC_IMPLEMENTATIONS = YES;
				CLANG_WARN_DIRECT_OBJC_ISA_USAGE = YES_ERROR;
				CLANG_WARN_DOCUMENTATION_COMMENTS = YES;
				CLANG_WARN_EMPTY_BODY = YES;
				CLANG_WARN_ENUM_CONVERSION = YES;
				CLANG_WARN_INFINITE_RECURSION = YES;
				CLANG_WARN_INT_CONVERSION = YES;
				CLANG_WARN_NON_LITERAL_NULL_CONVERSION = YES;
				CLANG_WARN_OBJC_IMPLICIT_RETAIN_SELF = YES;
				CLANG_WARN_OBJC_LITERAL_CONVERSION = YES;
				CLANG_WARN_OBJC_ROOT_CLASS = YES_ERROR;
				CLANG_WARN_QUOTED_INCLUDE_IN_FRAMEWORK_HEADER = YES;
				CLANG_WARN_RANGE_LOOP_ANALYSIS = YES;
				CLANG_WARN_STRICT_PROTOTYPES = YES;
				CLANG_WARN_SUSPICIOUS_MOVE = YES;
				CLANG_WARN_UNGUARDED_AVAILABILITY = YES_AGGRESSIVE;
				CLANG_WARN_UNREACHABLE_CODE = YES;
				CLANG_WARN__DUPLICATE_METHOD_MATCH = YES;
				COPY_PHASE_STRIP = NO;
				DEBUG_INFORMATION_FORMAT = "dwarf-with-dsym";
				ENABLE_NS_ASSERTIONS = NO;
				ENABLE_STRICT_OBJC_MSGSEND = YES;
				GCC_C_LANGUAGE_STANDARD = gnu11;
				GCC_NO_COMMON_BLOCKS = YES;
				GCC_WARN_64_TO_32_BIT_CONVERSION = YES;
				GCC_WARN_ABOUT_RETURN_TYPE = YES_ERROR;
				GCC_WARN_UNDECLARED_SELECTOR = YES;
				GCC_WARN_UNINITIALIZED_AUTOS = YES_AGGRESSIVE;
				GCC_WARN_UNUSED_FUNCTION = YES;
				GCC_WARN_UNUSED_VARIABLE = YES;
				MTL_ENABLE_DEBUG_INFO = NO;
				MTL_FAST_MATH = YES;
				SWIFT_COMPILATION_MODE = wholemodule;
				SWIFT_OPTIMIZATION_LEVEL = "-O";
			};
			name = Release;
		};
		2F6F2B7F2915CC100020667A /* Debug */ = {
			isa = XCBuildConfiguration;
			buildSettings = {
				ASSETCATALOG_COMPILER_APPICON_NAME = AppIcon;
				ASSETCATALOG_COMPILER_GLOBAL_ACCENT_COLOR_NAME = AccentColor;
				CODE_SIGN_ENTITLEMENTS = CortexOfBooks/CortexOfBooks.entitlements;
				CODE_SIGN_STYLE = Automatic;
				CURRENT_PROJECT_VERSION = 1;
				DEVELOPMENT_ASSET_PATHS = "\"CortexOfBooks/Preview Content\"";
				DEVELOPMENT_TEAM = 4BP826FJGX;
				ENABLE_HARDENED_RUNTIME = YES;
				ENABLE_PREVIEWS = YES;
				GENERATE_INFOPLIST_FILE = YES;
				"INFOPLIST_KEY_UIApplicationSceneManifest_Generation[sdk=iphoneos*]" = YES;
				"INFOPLIST_KEY_UIApplicationSceneManifest_Generation[sdk=iphonesimulator*]" = YES;
				"INFOPLIST_KEY_UIApplicationSupportsIndirectInputEvents[sdk=iphoneos*]" = YES;
				"INFOPLIST_KEY_UIApplicationSupportsIndirectInputEvents[sdk=iphonesimulator*]" = YES;
				"INFOPLIST_KEY_UILaunchScreen_Generation[sdk=iphoneos*]" = YES;
				"INFOPLIST_KEY_UILaunchScreen_Generation[sdk=iphonesimulator*]" = YES;
				"INFOPLIST_KEY_UIStatusBarStyle[sdk=iphoneos*]" = UIStatusBarStyleDefault;
				"INFOPLIST_KEY_UIStatusBarStyle[sdk=iphonesimulator*]" = UIStatusBarStyleDefault;
				INFOPLIST_KEY_UISupportedInterfaceOrientations_iPad = "UIInterfaceOrientationPortrait UIInterfaceOrientationPortraitUpsideDown UIInterfaceOrientationLandscapeLeft UIInterfaceOrientationLandscapeRight";
				INFOPLIST_KEY_UISupportedInterfaceOrientations_iPhone = "UIInterfaceOrientationPortrait UIInterfaceOrientationLandscapeLeft UIInterfaceOrientationLandscapeRight";
				IPHONEOS_DEPLOYMENT_TARGET = 16.1;
				LD_RUNPATH_SEARCH_PATHS = "@executable_path/Frameworks";
				"LD_RUNPATH_SEARCH_PATHS[sdk=macosx*]" = "@executable_path/../Frameworks";
				MACOSX_DEPLOYMENT_TARGET = 13.0;
				MARKETING_VERSION = 1.0;
				PRODUCT_BUNDLE_IDENTIFIER = dev.neurothrone.CortexOfBooks;
				PRODUCT_NAME = "$(TARGET_NAME)";
				SDKROOT = auto;
				SUPPORTED_PLATFORMS = "iphoneos iphonesimulator macosx";
				SWIFT_EMIT_LOC_STRINGS = YES;
				SWIFT_VERSION = 5.0;
				TARGETED_DEVICE_FAMILY = "1,2";
			};
			name = Debug;
		};
		2F6F2B802915CC100020667A /* Release */ = {
			isa = XCBuildConfiguration;
			buildSettings = {
				ASSETCATALOG_COMPILER_APPICON_NAME = AppIcon;
				ASSETCATALOG_COMPILER_GLOBAL_ACCENT_COLOR_NAME = AccentColor;
				CODE_SIGN_ENTITLEMENTS = CortexOfBooks/CortexOfBooks.entitlements;
				CODE_SIGN_STYLE = Automatic;
				CURRENT_PROJECT_VERSION = 1;
				DEVELOPMENT_ASSET_PATHS = "\"CortexOfBooks/Preview Content\"";
				DEVELOPMENT_TEAM = 4BP826FJGX;
				ENABLE_HARDENED_RUNTIME = YES;
				ENABLE_PREVIEWS = YES;
				GENERATE_INFOPLIST_FILE = YES;
				"INFOPLIST_KEY_UIApplicationSceneManifest_Generation[sdk=iphoneos*]" = YES;
				"INFOPLIST_KEY_UIApplicationSceneManifest_Generation[sdk=iphonesimulator*]" = YES;
				"INFOPLIST_KEY_UIApplicationSupportsIndirectInputEvents[sdk=iphoneos*]" = YES;
				"INFOPLIST_KEY_UIApplicationSupportsIndirectInputEvents[sdk=iphonesimulator*]" = YES;
				"INFOPLIST_KEY_UILaunchScreen_Generation[sdk=iphoneos*]" = YES;
				"INFOPLIST_KEY_UILaunchScreen_Generation[sdk=iphonesimulator*]" = YES;
				"INFOPLIST_KEY_UIStatusBarStyle[sdk=iphoneos*]" = UIStatusBarStyleDefault;
				"INFOPLIST_KEY_UIStatusBarStyle[sdk=iphonesimulator*]" = UIStatusBarStyleDefault;
				INFOPLIST_KEY_UISupportedInterfaceOrientations_iPad = "UIInterfaceOrientationPortrait UIInterfaceOrientationPortraitUpsideDown UIInterfaceOrientationLandscapeLeft UIInterfaceOrientationLandscapeRight";
				INFOPLIST_KEY_UISupportedInterfaceOrientations_iPhone = "UIInterfaceOrientationPortrait UIInterfaceOrientationLandscapeLeft UIInterfaceOrientationLandscapeRight";
				IPHONEOS_DEPLOYMENT_TARGET = 16.1;
				LD_RUNPATH_SEARCH_PATHS = "@executable_path/Frameworks";
				"LD_RUNPATH_SEARCH_PATHS[sdk=macosx*]" = "@executable_path/../Frameworks";
				MACOSX_DEPLOYMENT_TARGET = 13.0;
				MARKETING_VERSION = 1.0;
				PRODUCT_BUNDLE_IDENTIFIER = dev.neurothrone.CortexOfBooks;
				PRODUCT_NAME = "$(TARGET_NAME)";
				SDKROOT = auto;
				SUPPORTED_PLATFORMS = "iphoneos iphonesimulator macosx";
				SWIFT_EMIT_LOC_STRINGS = YES;
				SWIFT_VERSION = 5.0;
				TARGETED_DEVICE_FAMILY = "1,2";
			};
			name = Release;
		};
/* End XCBuildConfiguration section */

/* Begin XCConfigurationList section */
		2F6F2B6A2915CC0F0020667A /* Build configuration list for PBXProject "CortexOfBooks" */ = {
			isa = XCConfigurationList;
			buildConfigurations = (
				2F6F2B7C2915CC100020667A /* Debug */,
				2F6F2B7D2915CC100020667A /* Release */,
			);
			defaultConfigurationIsVisible = 0;
			defaultConfigurationName = Release;
		};
		2F6F2B7E2915CC100020667A /* Build configuration list for PBXNativeTarget "CortexOfBooks" */ = {
			isa = XCConfigurationList;
			buildConfigurations = (
				2F6F2B7F2915CC100020667A /* Debug */,
				2F6F2B802915CC100020667A /* Release */,
			);
			defaultConfigurationIsVisible = 0;
			defaultConfigurationName = Release;
		};
/* End XCConfigurationList section */

/* Begin XCVersionGroup section */
		2F6F2BC529161E700020667A /* Entities.xcdatamodeld */ = {
			isa = XCVersionGroup;
			children = (
				2F6F2BC629161E700020667A /* Entities.xcdatamodel */,
			);
			currentVersion = 2F6F2BC629161E700020667A /* Entities.xcdatamodel */;
			path = Entities.xcdatamodeld;
			sourceTree = "<group>";
			versionGroupType = wrapper.xcdatamodel;
		};
/* End XCVersionGroup section */
	};
	rootObject = 2F6F2B672915CC0F0020667A /* Project object */;
}
